
Microsoft Visual Studio Solution File, Format Version 12.00
# Visual Studio Version 17
VisualStudioVersion = 17.0.31903.59
MinimumVisualStudioVersion = 10.0.40219.1
Project("{FAE04EC0-301F-11D3-BF4B-00C04F79EFBC}") = "SmoothOperator", "SmoothOperator\SmoothOperator.csproj", "{2373FFBC-D7F5-4701-AD43-75292D701948}"
EndProject
Project("{FAE04EC0-301F-11D3-BF4B-00C04F79EFBC}") = "Cilindro", "Cilindro\Cilindro.csproj", "{9C623647-FD53-4370-9B81-D4648A99A23F}"
EndProject
Project("{FAE04EC0-301F-11D3-BF4B-00C04F79EFBC}") = "ValoresEspeciais", "ValoresEspeciais\ValoresEspeciais.csproj", "{7C9831B0-5EFC-4AB1-BFBA-0CD8F8DF0291}"
EndProject
Project("{FAE04EC0-301F-11D3-BF4B-00C04F79EFBC}") = "ChatGPTZero", "ChatGPTZero\ChatGPTZero.csproj", "{011515EA-DCD0-4601-8B52-B305A18F82B5}"
EndProject
Project("{FAE04EC0-301F-11D3-BF4B-00C04F79EFBC}") = "BreakContinue", "BreakContinue\BreakContinue.csproj", "{C6978ED2-F1F0-4C9E-B2F2-F90ADE0238C0}"
EndProject
Project("{FAE04EC0-301F-11D3-BF4B-00C04F79EFBC}") = "ChatGPTOne", "ChatGPTOne\ChatGPTOne.csproj", "{B049DAC5-DD40-4616-9796-5340404CC462}"
EndProject
Global
	GlobalSection(SolutionConfigurationPlatforms) = preSolution
		Debug|Any CPU = Debug|Any CPU
		Release|Any CPU = Release|Any CPU
	EndGlobalSection
	GlobalSection(SolutionProperties) = preSolution
		HideSolutionNode = FALSE
	EndGlobalSection
	GlobalSection(ProjectConfigurationPlatforms) = postSolution
		{2373FFBC-D7F5-4701-AD43-75292D701948}.Debug|Any CPU.ActiveCfg = Debug|Any CPU
		{2373FFBC-D7F5-4701-AD43-75292D701948}.Debug|Any CPU.Build.0 = Debug|Any CPU
		{2373FFBC-D7F5-4701-AD43-75292D701948}.Release|Any CPU.ActiveCfg = Release|Any CPU
		{2373FFBC-D7F5-4701-AD43-75292D701948}.Release|Any CPU.Build.0 = Release|Any CPU
		{9C623647-FD53-4370-9B81-D4648A99A23F}.Debug|Any CPU.ActiveCfg = Debug|Any CPU
		{9C623647-FD53-4370-9B81-D4648A99A23F}.Debug|Any CPU.Build.0 = Debug|Any CPU
		{9C623647-FD53-4370-9B81-D4648A99A23F}.Release|Any CPU.ActiveCfg = Release|Any CPU
		{9C623647-FD53-4370-9B81-D4648A99A23F}.Release|Any CPU.Build.0 = Release|Any CPU
		{7C9831B0-5EFC-4AB1-BFBA-0CD8F8DF0291}.Debug|Any CPU.ActiveCfg = Debug|Any CPU
		{7C9831B0-5EFC-4AB1-BFBA-0CD8F8DF0291}.Debug|Any CPU.Build.0 = Debug|Any CPU
		{7C9831B0-5EFC-4AB1-BFBA-0CD8F8DF0291}.Release|Any CPU.ActiveCfg = Release|Any CPU
		{7C9831B0-5EFC-4AB1-BFBA-0CD8F8DF0291}.Release|Any CPU.Build.0 = Release|Any CPU
		{011515EA-DCD0-4601-8B52-B305A18F82B5}.Debug|Any CPU.ActiveCfg = Debug|Any CPU
		{011515EA-DCD0-4601-8B52-B305A18F82B5}.Debug|Any CPU.Build.0 = Debug|Any CPU
		{011515EA-DCD0-4601-8B52-B305A18F82B5}.Release|Any CPU.ActiveCfg = Release|Any CPU
		{011515EA-DCD0-4601-8B52-B305A18F82B5}.Release|Any CPU.Build.0 = Release|Any CPU
		{C6978ED2-F1F0-4C9E-B2F2-F90ADE0238C0}.Debug|Any CPU.ActiveCfg = Debug|Any CPU
		{C6978ED2-F1F0-4C9E-B2F2-F90ADE0238C0}.Debug|Any CPU.Build.0 = Debug|Any CPU
		{C6978ED2-F1F0-4C9E-B2F2-F90ADE0238C0}.Release|Any CPU.ActiveCfg = Release|Any CPU
		{C6978ED2-F1F0-4C9E-B2F2-F90ADE0238C0}.Release|Any CPU.Build.0 = Release|Any CPU
		{B049DAC5-DD40-4616-9796-5340404CC462}.Debug|Any CPU.ActiveCfg = Debug|Any CPU
		{B049DAC5-DD40-4616-9796-5340404CC462}.Debug|Any CPU.Build.0 = Debug|Any CPU
		{B049DAC5-DD40-4616-9796-5340404CC462}.Release|Any CPU.ActiveCfg = Release|Any CPU
		{B049DAC5-DD40-4616-9796-5340404CC462}.Release|Any CPU.Build.0 = Release|Any CPU
	EndGlobalSection
EndGlobal
